
Microsoft Visual Studio Solution File, Format Version 12.00
# Visual Studio Version 17
VisualStudioVersion = 17.14.36511.14 d17.14
MinimumVisualStudioVersion = 10.0.40219.1
Project("{FAE04EC0-301F-11D3-BF4B-00C04F79EFBC}") = "tugas 2_20_okt_xpplg 1", "tugas 2_20_okt_xpplg 1\tugas 2_20_okt_xpplg 1.csproj", "{2C0879FC-9403-4D68-80ED-6F683BC618FD}"
EndProject
Global
	GlobalSection(SolutionConfigurationPlatforms) = preSolution
		Debug|Any CPU = Debug|Any CPU
		Release|Any CPU = Release|Any CPU
	EndGlobalSection
	GlobalSection(ProjectConfigurationPlatforms) = postSolution
		{2C0879FC-9403-4D68-80ED-6F683BC618FD}.Debug|Any CPU.ActiveCfg = Debug|Any CPU
		{2C0879FC-9403-4D68-80ED-6F683BC618FD}.Debug|Any CPU.Build.0 = Debug|Any CPU
		{2C0879FC-9403-4D68-80ED-6F683BC618FD}.Release|Any CPU.ActiveCfg = Release|Any CPU
		{2C0879FC-9403-4D68-80ED-6F683BC618FD}.Release|Any CPU.Build.0 = Release|Any CPU
	EndGlobalSection
	GlobalSection(SolutionProperties) = preSolution
		HideSolutionNode = FALSE
	EndGlobalSection
	GlobalSection(ExtensibilityGlobals) = postSolution
		SolutionGuid = {772DC105-8AC3-44A7-A13B-B3D8428D92EA}
	EndGlobalSection
EndGlobal
