
Microsoft Visual Studio Solution File, Format Version 12.00
# Visual Studio Version 17
VisualStudioVersion = 17.14.36511.14 d17.14
MinimumVisualStudioVersion = 10.0.40219.1
Project("{FAE04EC0-301F-11D3-BF4B-00C04F79EFBC}") = "praktik5.6_xpplg1", "praktik5.6_xpplg1\praktik5.6_xpplg1.csproj", "{338F5D9E-2365-4729-BA39-4683CD3EF11B}"
EndProject
Global
	GlobalSection(SolutionConfigurationPlatforms) = preSolution
		Debug|Any CPU = Debug|Any CPU
		Release|Any CPU = Release|Any CPU
	EndGlobalSection
	GlobalSection(ProjectConfigurationPlatforms) = postSolution
		{338F5D9E-2365-4729-BA39-4683CD3EF11B}.Debug|Any CPU.ActiveCfg = Debug|Any CPU
		{338F5D9E-2365-4729-BA39-4683CD3EF11B}.Debug|Any CPU.Build.0 = Debug|Any CPU
		{338F5D9E-2365-4729-BA39-4683CD3EF11B}.Release|Any CPU.ActiveCfg = Release|Any CPU
		{338F5D9E-2365-4729-BA39-4683CD3EF11B}.Release|Any CPU.Build.0 = Release|Any CPU
	EndGlobalSection
	GlobalSection(SolutionProperties) = preSolution
		HideSolutionNode = FALSE
	EndGlobalSection
	GlobalSection(ExtensibilityGlobals) = postSolution
		SolutionGuid = {8C08CC23-B0C5-4AEC-B014-D507D2CAA334}
	EndGlobalSection
EndGlobal
