
Microsoft Visual Studio Solution File, Format Version 12.00
# Visual Studio Version 17
VisualStudioVersion = 17.14.36511.14 d17.14
MinimumVisualStudioVersion = 10.0.40219.1
Project("{FAE04EC0-301F-11D3-BF4B-00C04F79EFBC}") = "praktik5.5_xpplg1", "praktik5.5_xpplg1\praktik5.5_xpplg1.csproj", "{8B354CB7-1E10-4B65-8543-415B65DC53F0}"
EndProject
Global
	GlobalSection(SolutionConfigurationPlatforms) = preSolution
		Debug|Any CPU = Debug|Any CPU
		Release|Any CPU = Release|Any CPU
	EndGlobalSection
	GlobalSection(ProjectConfigurationPlatforms) = postSolution
		{8B354CB7-1E10-4B65-8543-415B65DC53F0}.Debug|Any CPU.ActiveCfg = Debug|Any CPU
		{8B354CB7-1E10-4B65-8543-415B65DC53F0}.Debug|Any CPU.Build.0 = Debug|Any CPU
		{8B354CB7-1E10-4B65-8543-415B65DC53F0}.Release|Any CPU.ActiveCfg = Release|Any CPU
		{8B354CB7-1E10-4B65-8543-415B65DC53F0}.Release|Any CPU.Build.0 = Release|Any CPU
	EndGlobalSection
	GlobalSection(SolutionProperties) = preSolution
		HideSolutionNode = FALSE
	EndGlobalSection
	GlobalSection(ExtensibilityGlobals) = postSolution
		SolutionGuid = {A0B200B9-5E22-4803-B7CA-56042CD430EA}
	EndGlobalSection
EndGlobal
