
Microsoft Visual Studio Solution File, Format Version 12.00
# Visual Studio Version 17
VisualStudioVersion = 17.14.36511.14 d17.14
MinimumVisualStudioVersion = 10.0.40219.1
Project("{FAE04EC0-301F-11D3-BF4B-00C04F79EFBC}") = "praktik6.1", "praktik6.1\praktik6.1.csproj", "{AFF02090-A5C4-4442-8A3A-DF8E2F69DDB8}"
EndProject
Global
	GlobalSection(SolutionConfigurationPlatforms) = preSolution
		Debug|Any CPU = Debug|Any CPU
		Release|Any CPU = Release|Any CPU
	EndGlobalSection
	GlobalSection(ProjectConfigurationPlatforms) = postSolution
		{AFF02090-A5C4-4442-8A3A-DF8E2F69DDB8}.Debug|Any CPU.ActiveCfg = Debug|Any CPU
		{AFF02090-A5C4-4442-8A3A-DF8E2F69DDB8}.Debug|Any CPU.Build.0 = Debug|Any CPU
		{AFF02090-A5C4-4442-8A3A-DF8E2F69DDB8}.Release|Any CPU.ActiveCfg = Release|Any CPU
		{AFF02090-A5C4-4442-8A3A-DF8E2F69DDB8}.Release|Any CPU.Build.0 = Release|Any CPU
	EndGlobalSection
	GlobalSection(SolutionProperties) = preSolution
		HideSolutionNode = FALSE
	EndGlobalSection
	GlobalSection(ExtensibilityGlobals) = postSolution
		SolutionGuid = {875BF978-1577-4860-AF25-B2E42D9E7D28}
	EndGlobalSection
EndGlobal
