
Microsoft Visual Studio Solution File, Format Version 12.00
# Visual Studio Version 17
VisualStudioVersion = 17.14.36511.14 d17.14
MinimumVisualStudioVersion = 10.0.40219.1
Project("{FAE04EC0-301F-11D3-BF4B-00C04F79EFBC}") = "fungsi_hitung_luas_x pplg 1", "fungsi_hitung_luas_x pplg 1\fungsi_hitung_luas_x pplg 1.csproj", "{D084A8E5-C7B6-46D2-8359-A38CD90ADC49}"
EndProject
Global
	GlobalSection(SolutionConfigurationPlatforms) = preSolution
		Debug|Any CPU = Debug|Any CPU
		Release|Any CPU = Release|Any CPU
	EndGlobalSection
	GlobalSection(ProjectConfigurationPlatforms) = postSolution
		{D084A8E5-C7B6-46D2-8359-A38CD90ADC49}.Debug|Any CPU.ActiveCfg = Debug|Any CPU
		{D084A8E5-C7B6-46D2-8359-A38CD90ADC49}.Debug|Any CPU.Build.0 = Debug|Any CPU
		{D084A8E5-C7B6-46D2-8359-A38CD90ADC49}.Release|Any CPU.ActiveCfg = Release|Any CPU
		{D084A8E5-C7B6-46D2-8359-A38CD90ADC49}.Release|Any CPU.Build.0 = Release|Any CPU
	EndGlobalSection
	GlobalSection(SolutionProperties) = preSolution
		HideSolutionNode = FALSE
	EndGlobalSection
	GlobalSection(ExtensibilityGlobals) = postSolution
		SolutionGuid = {32DE1BA9-F32B-4CC3-BE55-773AC01B42E8}
	EndGlobalSection
EndGlobal
