
Microsoft Visual Studio Solution File, Format Version 12.00
# Visual Studio Version 17
VisualStudioVersion = 17.14.36511.14 d17.14
MinimumVisualStudioVersion = 10.0.40219.1
Project("{FAE04EC0-301F-11D3-BF4B-00C04F79EFBC}") = "praktik5.5", "praktik5.5\praktik5.5.csproj", "{B7C07538-6B13-45EF-BB25-ADEFAD5D1483}"
EndProject
Global
	GlobalSection(SolutionConfigurationPlatforms) = preSolution
		Debug|Any CPU = Debug|Any CPU
		Release|Any CPU = Release|Any CPU
	EndGlobalSection
	GlobalSection(ProjectConfigurationPlatforms) = postSolution
		{B7C07538-6B13-45EF-BB25-ADEFAD5D1483}.Debug|Any CPU.ActiveCfg = Debug|Any CPU
		{B7C07538-6B13-45EF-BB25-ADEFAD5D1483}.Debug|Any CPU.Build.0 = Debug|Any CPU
		{B7C07538-6B13-45EF-BB25-ADEFAD5D1483}.Release|Any CPU.ActiveCfg = Release|Any CPU
		{B7C07538-6B13-45EF-BB25-ADEFAD5D1483}.Release|Any CPU.Build.0 = Release|Any CPU
	EndGlobalSection
	GlobalSection(SolutionProperties) = preSolution
		HideSolutionNode = FALSE
	EndGlobalSection
	GlobalSection(ExtensibilityGlobals) = postSolution
		SolutionGuid = {F630BD17-7EA9-4D0C-B0F1-77DBF442DA4E}
	EndGlobalSection
EndGlobal
